
Microsoft Visual Studio Solution File, Format Version 12.00
# Visual Studio Version 17
VisualStudioVersion = 17.13.36105.23
MinimumVisualStudioVersion = 10.0.40219.1
Project("{FAE04EC0-301F-11D3-BF4B-00C04F79EFBC}") = "LearningDashboard", "LearningDashboard.csproj", "{9F6870F7-91A3-9B32-4FD1-A8EC6C6BBF29}"
EndProject
Project("{FAE04EC0-301F-11D3-BF4B-00C04F79EFBC}") = "LearningDashboard.Tests", "..\LearningDashboard.Tests\LearningDashboard.Tests.csproj", "{282979C3-0C2C-4700-967E-A921CDCF2F62}"
EndProject
Global
	GlobalSection(SolutionConfigurationPlatforms) = preSolution
		Debug|Any CPU = Debug|Any CPU
		Release|Any CPU = Release|Any CPU
	EndGlobalSection
	GlobalSection(ProjectConfigurationPlatforms) = postSolution
		{9F6870F7-91A3-9B32-4FD1-A8EC6C6BBF29}.Debug|Any CPU.ActiveCfg = Debug|Any CPU
		{9F6870F7-91A3-9B32-4FD1-A8EC6C6BBF29}.Debug|Any CPU.Build.0 = Debug|Any CPU
		{9F6870F7-91A3-9B32-4FD1-A8EC6C6BBF29}.Release|Any CPU.ActiveCfg = Release|Any CPU
		{9F6870F7-91A3-9B32-4FD1-A8EC6C6BBF29}.Release|Any CPU.Build.0 = Release|Any CPU
		{282979C3-0C2C-4700-967E-A921CDCF2F62}.Debug|Any CPU.ActiveCfg = Debug|Any CPU
		{282979C3-0C2C-4700-967E-A921CDCF2F62}.Debug|Any CPU.Build.0 = Debug|Any CPU
		{282979C3-0C2C-4700-967E-A921CDCF2F62}.Release|Any CPU.ActiveCfg = Release|Any CPU
		{282979C3-0C2C-4700-967E-A921CDCF2F62}.Release|Any CPU.Build.0 = Release|Any CPU
	EndGlobalSection
	GlobalSection(SolutionProperties) = preSolution
		HideSolutionNode = FALSE
	EndGlobalSection
	GlobalSection(ExtensibilityGlobals) = postSolution
		SolutionGuid = {48C4A375-FAC0-4E75-B76F-54C5D46409F1}
	EndGlobalSection
EndGlobal
